// !$*UTF8*$!
{
	archiveVersion = 1;
	classes = {
	};
	objectVersion = 46;
	objects = {

/* Begin PBXBuildFile section */
		2F12F4CDA745F2A67218EE20 /* Pods_Movie_Finder.framework in Frameworks */ = {isa = PBXBuildFile; fileRef = 2254CE0821BE78988565C0EE /* Pods_Movie_Finder.framework */; };
		C304305B1E8680010099EF3B /* SearchModel.swift in Sources */ = {isa = PBXBuildFile; fileRef = C304305A1E8680010099EF3B /* SearchModel.swift */; };
		C304305D1E86823B0099EF3B /* SeriesDTO.swift in Sources */ = {isa = PBXBuildFile; fileRef = C304305C1E86823B0099EF3B /* SeriesDTO.swift */; };
		C30430611E8682C80099EF3B /* EpisodeDTO.swift in Sources */ = {isa = PBXBuildFile; fileRef = C30430601E8682C80099EF3B /* EpisodeDTO.swift */; };
		C30430661E86BFC40099EF3B /* MotionPictureDetailView.swift in Sources */ = {isa = PBXBuildFile; fileRef = C30430651E86BFC40099EF3B /* MotionPictureDetailView.swift */; };
		C321C1F81E880EDC0083A72B /* MotionPictureSearchResultsVC.swift in Sources */ = {isa = PBXBuildFile; fileRef = C321C1F71E880EDC0083A72B /* MotionPictureSearchResultsVC.swift */; };
		C321C1FB1E880FF50083A72B /* MotionPictureSummaryTVC.swift in Sources */ = {isa = PBXBuildFile; fileRef = C321C1FA1E880FF50083A72B /* MotionPictureSummaryTVC.swift */; };
		C321C1FD1E8814C60083A72B /* MotionPictureSearchResultsModel.swift in Sources */ = {isa = PBXBuildFile; fileRef = C321C1FC1E8814C60083A72B /* MotionPictureSearchResultsModel.swift */; };
		C321C1FF1E8815660083A72B /* MotionPictureSummaryDTO.swift in Sources */ = {isa = PBXBuildFile; fileRef = C321C1FE1E8815660083A72B /* MotionPictureSummaryDTO.swift */; };
		C346CA491E81863900956ED1 /* AppDelegate.swift in Sources */ = {isa = PBXBuildFile; fileRef = C346CA481E81863900956ED1 /* AppDelegate.swift */; };
		C346CA4E1E81863900956ED1 /* Main.storyboard in Resources */ = {isa = PBXBuildFile; fileRef = C346CA4C1E81863900956ED1 /* Main.storyboard */; };
		C346CA501E81863900956ED1 /* Assets.xcassets in Resources */ = {isa = PBXBuildFile; fileRef = C346CA4F1E81863900956ED1 /* Assets.xcassets */; };
		C346CA531E81863900956ED1 /* LaunchScreen.storyboard in Resources */ = {isa = PBXBuildFile; fileRef = C346CA511E81863900956ED1 /* LaunchScreen.storyboard */; };
		C346CA5E1E81863900956ED1 /* Movie_FinderTests.swift in Sources */ = {isa = PBXBuildFile; fileRef = C346CA5D1E81863900956ED1 /* Movie_FinderTests.swift */; };
		C346CA691E81863900956ED1 /* Movie_FinderUITests.swift in Sources */ = {isa = PBXBuildFile; fileRef = C346CA681E81863900956ED1 /* Movie_FinderUITests.swift */; };
		C34764571E8440820022860F /* MotionPictureType.swift in Sources */ = {isa = PBXBuildFile; fileRef = C34764561E8440820022860F /* MotionPictureType.swift */; };
		C347645B1E8446DB0022860F /* AppConstants.swift in Sources */ = {isa = PBXBuildFile; fileRef = C347645A1E8446DB0022860F /* AppConstants.swift */; };
		C347645E1E8447380022860F /* Extensions.swift in Sources */ = {isa = PBXBuildFile; fileRef = C347645D1E8447380022860F /* Extensions.swift */; };
		C34764641E8448920022860F /* HTTPRequestor.swift in Sources */ = {isa = PBXBuildFile; fileRef = C34764631E8448920022860F /* HTTPRequestor.swift */; };
		C34764681E84570A0022860F /* MotionPictureRequestDTO.swift in Sources */ = {isa = PBXBuildFile; fileRef = C34764671E84570A0022860F /* MotionPictureRequestDTO.swift */; };
		C347646A1E84579C0022860F /* MotionPictureDTO.swift in Sources */ = {isa = PBXBuildFile; fileRef = C34764691E84579C0022860F /* MotionPictureDTO.swift */; };
		C347646F1E8652FB0022860F /* SearchVC.swift in Sources */ = {isa = PBXBuildFile; fileRef = C347646E1E8652FB0022860F /* SearchVC.swift */; };
		C34764711E86532A0022860F /* SearchView.swift in Sources */ = {isa = PBXBuildFile; fileRef = C34764701E86532A0022860F /* SearchView.swift */; };
		C34764741E8654D20022860F /* GlobalData.swift in Sources */ = {isa = PBXBuildFile; fileRef = C34764731E8654D20022860F /* GlobalData.swift */; };
		C35FA4C31E86C56C001D496C /* MotionPictureDetailVC.swift in Sources */ = {isa = PBXBuildFile; fileRef = C35FA4C21E86C56C001D496C /* MotionPictureDetailVC.swift */; };
		C397213E1E87884C00845549 /* EpisodeSelectorVC.swift in Sources */ = {isa = PBXBuildFile; fileRef = C397213D1E87884C00845549 /* EpisodeSelectorVC.swift */; };
		C3DE00CA1E87075D00DDC137 /* SeasonSelectorVC.swift in Sources */ = {isa = PBXBuildFile; fileRef = C3DE00C91E87075D00DDC137 /* SeasonSelectorVC.swift */; };
/* End PBXBuildFile section */

/* Begin PBXContainerItemProxy section */
		C346CA5A1E81863900956ED1 /* PBXContainerItemProxy */ = {
			isa = PBXContainerItemProxy;
			containerPortal = C346CA3D1E81863900956ED1 /* Project object */;
			proxyType = 1;
			remoteGlobalIDString = C346CA441E81863900956ED1;
			remoteInfo = "Movie Finder";
		};
		C346CA651E81863900956ED1 /* PBXContainerItemProxy */ = {
			isa = PBXContainerItemProxy;
			containerPortal = C346CA3D1E81863900956ED1 /* Project object */;
			proxyType = 1;
			remoteGlobalIDString = C346CA441E81863900956ED1;
			remoteInfo = "Movie Finder";
		};
/* End PBXContainerItemProxy section */

/* Begin PBXFileReference section */
		2254CE0821BE78988565C0EE /* Pods_Movie_Finder.framework */ = {isa = PBXFileReference; explicitFileType = wrapper.framework; includeInIndex = 0; path = Pods_Movie_Finder.framework; sourceTree = BUILT_PRODUCTS_DIR; };
		C304305A1E8680010099EF3B /* SearchModel.swift */ = {isa = PBXFileReference; fileEncoding = 4; lastKnownFileType = sourcecode.swift; path = SearchModel.swift; sourceTree = "<group>"; };
		C304305C1E86823B0099EF3B /* SeriesDTO.swift */ = {isa = PBXFileReference; fileEncoding = 4; lastKnownFileType = sourcecode.swift; path = SeriesDTO.swift; sourceTree = "<group>"; };
		C30430601E8682C80099EF3B /* EpisodeDTO.swift */ = {isa = PBXFileReference; fileEncoding = 4; lastKnownFileType = sourcecode.swift; path = EpisodeDTO.swift; sourceTree = "<group>"; };
		C30430651E86BFC40099EF3B /* MotionPictureDetailView.swift */ = {isa = PBXFileReference; fileEncoding = 4; lastKnownFileType = sourcecode.swift; path = MotionPictureDetailView.swift; sourceTree = "<group>"; };
		C321C1F71E880EDC0083A72B /* MotionPictureSearchResultsVC.swift */ = {isa = PBXFileReference; fileEncoding = 4; lastKnownFileType = sourcecode.swift; path = MotionPictureSearchResultsVC.swift; sourceTree = "<group>"; };
		C321C1FA1E880FF50083A72B /* MotionPictureSummaryTVC.swift */ = {isa = PBXFileReference; fileEncoding = 4; lastKnownFileType = sourcecode.swift; path = MotionPictureSummaryTVC.swift; sourceTree = "<group>"; };
		C321C1FC1E8814C60083A72B /* MotionPictureSearchResultsModel.swift */ = {isa = PBXFileReference; fileEncoding = 4; lastKnownFileType = sourcecode.swift; path = MotionPictureSearchResultsModel.swift; sourceTree = "<group>"; };
		C321C1FE1E8815660083A72B /* MotionPictureSummaryDTO.swift */ = {isa = PBXFileReference; fileEncoding = 4; lastKnownFileType = sourcecode.swift; path = MotionPictureSummaryDTO.swift; sourceTree = "<group>"; };
		C346CA451E81863900956ED1 /* Movie Finder.app */ = {isa = PBXFileReference; explicitFileType = wrapper.application; includeInIndex = 0; path = "Movie Finder.app"; sourceTree = BUILT_PRODUCTS_DIR; };
		C346CA481E81863900956ED1 /* AppDelegate.swift */ = {isa = PBXFileReference; lastKnownFileType = sourcecode.swift; path = AppDelegate.swift; sourceTree = "<group>"; };
		C346CA4D1E81863900956ED1 /* Base */ = {isa = PBXFileReference; lastKnownFileType = file.storyboard; name = Base; path = Base.lproj/Main.storyboard; sourceTree = "<group>"; };
		C346CA4F1E81863900956ED1 /* Assets.xcassets */ = {isa = PBXFileReference; lastKnownFileType = folder.assetcatalog; path = Assets.xcassets; sourceTree = "<group>"; };
		C346CA521E81863900956ED1 /* Base */ = {isa = PBXFileReference; lastKnownFileType = file.storyboard; name = Base; path = Base.lproj/LaunchScreen.storyboard; sourceTree = "<group>"; };
		C346CA541E81863900956ED1 /* Info.plist */ = {isa = PBXFileReference; lastKnownFileType = text.plist.xml; path = Info.plist; sourceTree = "<group>"; };
		C346CA591E81863900956ED1 /* Movie FinderTests.xctest */ = {isa = PBXFileReference; explicitFileType = wrapper.cfbundle; includeInIndex = 0; path = "Movie FinderTests.xctest"; sourceTree = BUILT_PRODUCTS_DIR; };
		C346CA5D1E81863900956ED1 /* Movie_FinderTests.swift */ = {isa = PBXFileReference; lastKnownFileType = sourcecode.swift; path = Movie_FinderTests.swift; sourceTree = "<group>"; };
		C346CA5F1E81863900956ED1 /* Info.plist */ = {isa = PBXFileReference; lastKnownFileType = text.plist.xml; path = Info.plist; sourceTree = "<group>"; };
		C346CA641E81863900956ED1 /* Movie FinderUITests.xctest */ = {isa = PBXFileReference; explicitFileType = wrapper.cfbundle; includeInIndex = 0; path = "Movie FinderUITests.xctest"; sourceTree = BUILT_PRODUCTS_DIR; };
		C346CA681E81863900956ED1 /* Movie_FinderUITests.swift */ = {isa = PBXFileReference; lastKnownFileType = sourcecode.swift; path = Movie_FinderUITests.swift; sourceTree = "<group>"; };
		C346CA6A1E81863900956ED1 /* Info.plist */ = {isa = PBXFileReference; lastKnownFileType = text.plist.xml; path = Info.plist; sourceTree = "<group>"; };
		C34764561E8440820022860F /* MotionPictureType.swift */ = {isa = PBXFileReference; fileEncoding = 4; lastKnownFileType = sourcecode.swift; path = MotionPictureType.swift; sourceTree = "<group>"; };
		C347645A1E8446DB0022860F /* AppConstants.swift */ = {isa = PBXFileReference; fileEncoding = 4; lastKnownFileType = sourcecode.swift; path = AppConstants.swift; sourceTree = "<group>"; };
		C347645D1E8447380022860F /* Extensions.swift */ = {isa = PBXFileReference; fileEncoding = 4; lastKnownFileType = sourcecode.swift; path = Extensions.swift; sourceTree = "<group>"; };
		C34764631E8448920022860F /* HTTPRequestor.swift */ = {isa = PBXFileReference; fileEncoding = 4; lastKnownFileType = sourcecode.swift; path = HTTPRequestor.swift; sourceTree = "<group>"; };
		C34764671E84570A0022860F /* MotionPictureRequestDTO.swift */ = {isa = PBXFileReference; fileEncoding = 4; lastKnownFileType = sourcecode.swift; path = MotionPictureRequestDTO.swift; sourceTree = "<group>"; };
		C34764691E84579C0022860F /* MotionPictureDTO.swift */ = {isa = PBXFileReference; fileEncoding = 4; lastKnownFileType = sourcecode.swift; path = MotionPictureDTO.swift; sourceTree = "<group>"; };
		C347646E1E8652FB0022860F /* SearchVC.swift */ = {isa = PBXFileReference; fileEncoding = 4; lastKnownFileType = sourcecode.swift; path = SearchVC.swift; sourceTree = "<group>"; };
		C34764701E86532A0022860F /* SearchView.swift */ = {isa = PBXFileReference; fileEncoding = 4; lastKnownFileType = sourcecode.swift; path = SearchView.swift; sourceTree = "<group>"; };
		C34764731E8654D20022860F /* GlobalData.swift */ = {isa = PBXFileReference; fileEncoding = 4; lastKnownFileType = sourcecode.swift; path = GlobalData.swift; sourceTree = "<group>"; };
		C35FA4C21E86C56C001D496C /* MotionPictureDetailVC.swift */ = {isa = PBXFileReference; fileEncoding = 4; lastKnownFileType = sourcecode.swift; path = MotionPictureDetailVC.swift; sourceTree = "<group>"; };
		C397213D1E87884C00845549 /* EpisodeSelectorVC.swift */ = {isa = PBXFileReference; fileEncoding = 4; lastKnownFileType = sourcecode.swift; path = EpisodeSelectorVC.swift; sourceTree = "<group>"; };
		C3DE00C91E87075D00DDC137 /* SeasonSelectorVC.swift */ = {isa = PBXFileReference; fileEncoding = 4; lastKnownFileType = sourcecode.swift; path = SeasonSelectorVC.swift; sourceTree = "<group>"; };
		E80FB7FC2DEAAFB5FC4D8930 /* Pods-Movie Finder.debug.xcconfig */ = {isa = PBXFileReference; includeInIndex = 1; lastKnownFileType = text.xcconfig; name = "Pods-Movie Finder.debug.xcconfig"; path = "Pods/Target Support Files/Pods-Movie Finder/Pods-Movie Finder.debug.xcconfig"; sourceTree = "<group>"; };
		FEDD9BC3C9FA33759F0D9847 /* Pods-Movie Finder.release.xcconfig */ = {isa = PBXFileReference; includeInIndex = 1; lastKnownFileType = text.xcconfig; name = "Pods-Movie Finder.release.xcconfig"; path = "Pods/Target Support Files/Pods-Movie Finder/Pods-Movie Finder.release.xcconfig"; sourceTree = "<group>"; };
/* End PBXFileReference section */

/* Begin PBXFrameworksBuildPhase section */
		C346CA421E81863900956ED1 /* Frameworks */ = {
			isa = PBXFrameworksBuildPhase;
			buildActionMask = 2147483647;
			files = (
				2F12F4CDA745F2A67218EE20 /* Pods_Movie_Finder.framework in Frameworks */,
			);
			runOnlyForDeploymentPostprocessing = 0;
		};
		C346CA561E81863900956ED1 /* Frameworks */ = {
			isa = PBXFrameworksBuildPhase;
			buildActionMask = 2147483647;
			files = (
			);
			runOnlyForDeploymentPostprocessing = 0;
		};
		C346CA611E81863900956ED1 /* Frameworks */ = {
			isa = PBXFrameworksBuildPhase;
			buildActionMask = 2147483647;
			files = (
			);
			runOnlyForDeploymentPostprocessing = 0;
		};
/* End PBXFrameworksBuildPhase section */

/* Begin PBXGroup section */
		A4F9A99C3E7E6294A4F6F5EF /* Pods */ = {
			isa = PBXGroup;
			children = (
				E80FB7FC2DEAAFB5FC4D8930 /* Pods-Movie Finder.debug.xcconfig */,
				FEDD9BC3C9FA33759F0D9847 /* Pods-Movie Finder.release.xcconfig */,
			);
			name = Pods;
			sourceTree = "<group>";
		};
		A6D7A45352FF5EA03E6BB085 /* Frameworks */ = {
			isa = PBXGroup;
			children = (
				2254CE0821BE78988565C0EE /* Pods_Movie_Finder.framework */,
			);
			name = Frameworks;
			sourceTree = "<group>";
		};
		C30430621E869BEA0099EF3B /* Controller */ = {
			isa = PBXGroup;
			children = (
				C347646E1E8652FB0022860F /* SearchVC.swift */,
			);
			name = Controller;
			sourceTree = "<group>";
		};
		C30430631E869BF20099EF3B /* View */ = {
			isa = PBXGroup;
			children = (
				C34764701E86532A0022860F /* SearchView.swift */,
			);
			name = View;
			sourceTree = "<group>";
		};
		C321C1F61E880E520083A72B /* MotionPictureSearchResults */ = {
			isa = PBXGroup;
			children = (
				C321C2001E8860530083A72B /* Model */,
				C321C1F91E880EE10083A72B /* Controller */,
				C321C2011E88605B0083A72B /* View */,
			);
			name = MotionPictureSearchResults;
			sourceTree = "<group>";
		};
		C321C1F91E880EE10083A72B /* Controller */ = {
			isa = PBXGroup;
			children = (
				C321C1F71E880EDC0083A72B /* MotionPictureSearchResultsVC.swift */,
			);
			name = Controller;
			sourceTree = "<group>";
		};
		C321C2001E8860530083A72B /* Model */ = {
			isa = PBXGroup;
			children = (
				C321C1FC1E8814C60083A72B /* MotionPictureSearchResultsModel.swift */,
				C321C1FE1E8815660083A72B /* MotionPictureSummaryDTO.swift */,
			);
			name = Model;
			sourceTree = "<group>";
		};
		C321C2011E88605B0083A72B /* View */ = {
			isa = PBXGroup;
			children = (
				C321C1FA1E880FF50083A72B /* MotionPictureSummaryTVC.swift */,
			);
			name = View;
			sourceTree = "<group>";
		};
		C346CA3C1E81863900956ED1 = {
			isa = PBXGroup;
			children = (
				C346CA471E81863900956ED1 /* Movie Finder */,
				C346CA5C1E81863900956ED1 /* Movie FinderTests */,
				C346CA671E81863900956ED1 /* Movie FinderUITests */,
				C346CA461E81863900956ED1 /* Products */,
				A4F9A99C3E7E6294A4F6F5EF /* Pods */,
				A6D7A45352FF5EA03E6BB085 /* Frameworks */,
			);
			sourceTree = "<group>";
		};
		C346CA461E81863900956ED1 /* Products */ = {
			isa = PBXGroup;
			children = (
				C346CA451E81863900956ED1 /* Movie Finder.app */,
				C346CA591E81863900956ED1 /* Movie FinderTests.xctest */,
				C346CA641E81863900956ED1 /* Movie FinderUITests.xctest */,
			);
			name = Products;
			sourceTree = "<group>";
		};
		C346CA471E81863900956ED1 /* Movie Finder */ = {
			isa = PBXGroup;
			children = (
				C34764541E8440290022860F /* Global */,
				C347646D1E8652D50022860F /* SearchScreen */,
				C347645F1E8447A30022860F /* MotionPictureDetails */,
				C3DE00C81E87072100DDC137 /* SeasonSelector */,
				C397213C1E87881E00845549 /* EpisodeSelector */,
				C321C1F61E880E520083A72B /* MotionPictureSearchResults */,
				C346CA4C1E81863900956ED1 /* Main.storyboard */,
				C346CA4F1E81863900956ED1 /* Assets.xcassets */,
				C346CA511E81863900956ED1 /* LaunchScreen.storyboard */,
				C346CA541E81863900956ED1 /* Info.plist */,
			);
			path = "Movie Finder";
			sourceTree = "<group>";
		};
		C346CA5C1E81863900956ED1 /* Movie FinderTests */ = {
			isa = PBXGroup;
			children = (
				C346CA5D1E81863900956ED1 /* Movie_FinderTests.swift */,
				C346CA5F1E81863900956ED1 /* Info.plist */,
			);
			path = "Movie FinderTests";
			sourceTree = "<group>";
		};
		C346CA671E81863900956ED1 /* Movie FinderUITests */ = {
			isa = PBXGroup;
			children = (
				C346CA681E81863900956ED1 /* Movie_FinderUITests.swift */,
				C346CA6A1E81863900956ED1 /* Info.plist */,
			);
			path = "Movie FinderUITests";
			sourceTree = "<group>";
		};
		C34764541E8440290022860F /* Global */ = {
			isa = PBXGroup;
			children = (
				C346CA481E81863900956ED1 /* AppDelegate.swift */,
				C34764731E8654D20022860F /* GlobalData.swift */,
				C347645D1E8447380022860F /* Extensions.swift */,
				C347645A1E8446DB0022860F /* AppConstants.swift */,
				C34764581E8440950022860F /* Enums */,
				C34764551E8440390022860F /* DTO */,
				C34764621E8447D40022860F /* Model */,
			);
			name = Global;
			sourceTree = "<group>";
		};
		C34764551E8440390022860F /* DTO */ = {
			isa = PBXGroup;
			children = (
				C34764671E84570A0022860F /* MotionPictureRequestDTO.swift */,
				C34764691E84579C0022860F /* MotionPictureDTO.swift */,
				C304305C1E86823B0099EF3B /* SeriesDTO.swift */,
				C30430601E8682C80099EF3B /* EpisodeDTO.swift */,
			);
			name = DTO;
			sourceTree = "<group>";
		};
		C34764581E8440950022860F /* Enums */ = {
			isa = PBXGroup;
			children = (
				C34764561E8440820022860F /* MotionPictureType.swift */,
			);
			name = Enums;
			sourceTree = "<group>";
		};
		C347645F1E8447A30022860F /* MotionPictureDetails */ = {
			isa = PBXGroup;
			children = (
				C34764611E8447CD0022860F /* View */,
				C34764601E8447C00022860F /* Controller */,
			);
			name = MotionPictureDetails;
			sourceTree = "<group>";
		};
		C34764601E8447C00022860F /* Controller */ = {
			isa = PBXGroup;
			children = (
				C35FA4C21E86C56C001D496C /* MotionPictureDetailVC.swift */,
			);
			name = Controller;
			sourceTree = "<group>";
		};
		C34764611E8447CD0022860F /* View */ = {
			isa = PBXGroup;
			children = (
				C30430651E86BFC40099EF3B /* MotionPictureDetailView.swift */,
			);
			name = View;
			sourceTree = "<group>";
		};
		C34764621E8447D40022860F /* Model */ = {
			isa = PBXGroup;
			children = (
				C304305A1E8680010099EF3B /* SearchModel.swift */,
				C34764631E8448920022860F /* HTTPRequestor.swift */,
			);
			name = Model;
			sourceTree = "<group>";
		};
		C347646D1E8652D50022860F /* SearchScreen */ = {
			isa = PBXGroup;
			children = (
				C30430621E869BEA0099EF3B /* Controller */,
				C30430631E869BF20099EF3B /* View */,
			);
			name = SearchScreen;
			sourceTree = "<group>";
		};
		C397213C1E87881E00845549 /* EpisodeSelector */ = {
			isa = PBXGroup;
			children = (
				C39721401E87BD6D00845549 /* Controller */,
			);
			name = EpisodeSelector;
			sourceTree = "<group>";
		};
		C397213F1E87BD6700845549 /* Controller */ = {
			isa = PBXGroup;
			children = (
				C3DE00C91E87075D00DDC137 /* SeasonSelectorVC.swift */,
			);
			name = Controller;
			sourceTree = "<group>";
		};
		C39721401E87BD6D00845549 /* Controller */ = {
			isa = PBXGroup;
			children = (
				C397213D1E87884C00845549 /* EpisodeSelectorVC.swift */,
			);
			name = Controller;
			sourceTree = "<group>";
		};
		C3DE00C81E87072100DDC137 /* SeasonSelector */ = {
			isa = PBXGroup;
			children = (
				C397213F1E87BD6700845549 /* Controller */,
			);
			name = SeasonSelector;
			sourceTree = "<group>";
		};
/* End PBXGroup section */

/* Begin PBXNativeTarget section */
		C346CA441E81863900956ED1 /* Movie Finder */ = {
			isa = PBXNativeTarget;
			buildConfigurationList = C346CA6D1E81863900956ED1 /* Build configuration list for PBXNativeTarget "Movie Finder" */;
			buildPhases = (
				D9B14E163E72298EFCB5C91B /* [CP] Check Pods Manifest.lock */,
				C346CA411E81863900956ED1 /* Sources */,
				C346CA421E81863900956ED1 /* Frameworks */,
				C346CA431E81863900956ED1 /* Resources */,
				55B5005D916DF8311442DC16 /* [CP] Embed Pods Frameworks */,
				7D29B464E05C6BA5B27BF723 /* [CP] Copy Pods Resources */,
			);
			buildRules = (
			);
			dependencies = (
			);
			name = "Movie Finder";
			productName = "Movie Finder";
			productReference = C346CA451E81863900956ED1 /* Movie Finder.app */;
			productType = "com.apple.product-type.application";
		};
		C346CA581E81863900956ED1 /* Movie FinderTests */ = {
			isa = PBXNativeTarget;
			buildConfigurationList = C346CA701E81863900956ED1 /* Build configuration list for PBXNativeTarget "Movie FinderTests" */;
			buildPhases = (
				C346CA551E81863900956ED1 /* Sources */,
				C346CA561E81863900956ED1 /* Frameworks */,
				C346CA571E81863900956ED1 /* Resources */,
			);
			buildRules = (
			);
			dependencies = (
				C346CA5B1E81863900956ED1 /* PBXTargetDependency */,
			);
			name = "Movie FinderTests";
			productName = "Movie FinderTests";
			productReference = C346CA591E81863900956ED1 /* Movie FinderTests.xctest */;
			productType = "com.apple.product-type.bundle.unit-test";
		};
		C346CA631E81863900956ED1 /* Movie FinderUITests */ = {
			isa = PBXNativeTarget;
			buildConfigurationList = C346CA731E81863900956ED1 /* Build configuration list for PBXNativeTarget "Movie FinderUITests" */;
			buildPhases = (
				C346CA601E81863900956ED1 /* Sources */,
				C346CA611E81863900956ED1 /* Frameworks */,
				C346CA621E81863900956ED1 /* Resources */,
			);
			buildRules = (
			);
			dependencies = (
				C346CA661E81863900956ED1 /* PBXTargetDependency */,
			);
			name = "Movie FinderUITests";
			productName = "Movie FinderUITests";
			productReference = C346CA641E81863900956ED1 /* Movie FinderUITests.xctest */;
			productType = "com.apple.product-type.bundle.ui-testing";
		};
/* End PBXNativeTarget section */

/* Begin PBXProject section */
		C346CA3D1E81863900956ED1 /* Project object */ = {
			isa = PBXProject;
			attributes = {
				LastSwiftUpdateCheck = 0730;
				LastUpgradeCheck = 0730;
				ORGANIZATIONNAME = "Tarun Prajapati";
				TargetAttributes = {
					C346CA441E81863900956ED1 = {
						CreatedOnToolsVersion = 7.3.1;
						DevelopmentTeam = MP2MY9KM34;
					};
					C346CA581E81863900956ED1 = {
						CreatedOnToolsVersion = 7.3.1;
						TestTargetID = C346CA441E81863900956ED1;
					};
					C346CA631E81863900956ED1 = {
						CreatedOnToolsVersion = 7.3.1;
						TestTargetID = C346CA441E81863900956ED1;
					};
				};
			};
			buildConfigurationList = C346CA401E81863900956ED1 /* Build configuration list for PBXProject "Movie Finder" */;
			compatibilityVersion = "Xcode 3.2";
			developmentRegion = English;
			hasScannedForEncodings = 0;
			knownRegions = (
				en,
				Base,
			);
			mainGroup = C346CA3C1E81863900956ED1;
			productRefGroup = C346CA461E81863900956ED1 /* Products */;
			projectDirPath = "";
			projectRoot = "";
			targets = (
				C346CA441E81863900956ED1 /* Movie Finder */,
				C346CA581E81863900956ED1 /* Movie FinderTests */,
				C346CA631E81863900956ED1 /* Movie FinderUITests */,
			);
		};
/* End PBXProject section */

/* Begin PBXResourcesBuildPhase section */
		C346CA431E81863900956ED1 /* Resources */ = {
			isa = PBXResourcesBuildPhase;
			buildActionMask = 2147483647;
			files = (
				C346CA531E81863900956ED1 /* LaunchScreen.storyboard in Resources */,
				C346CA501E81863900956ED1 /* Assets.xcassets in Resources */,
				C346CA4E1E81863900956ED1 /* Main.storyboard in Resources */,
			);
			runOnlyForDeploymentPostprocessing = 0;
		};
		C346CA571E81863900956ED1 /* Resources */ = {
			isa = PBXResourcesBuildPhase;
			buildActionMask = 2147483647;
			files = (
			);
			runOnlyForDeploymentPostprocessing = 0;
		};
		C346CA621E81863900956ED1 /* Resources */ = {
			isa = PBXResourcesBuildPhase;
			buildActionMask = 2147483647;
			files = (
			);
			runOnlyForDeploymentPostprocessing = 0;
		};
/* End PBXResourcesBuildPhase section */

/* Begin PBXShellScriptBuildPhase section */
		55B5005D916DF8311442DC16 /* [CP] Embed Pods Frameworks */ = {
			isa = PBXShellScriptBuildPhase;
			buildActionMask = 2147483647;
			files = (
			);
			inputPaths = (
			);
			name = "[CP] Embed Pods Frameworks";
			outputPaths = (
			);
			runOnlyForDeploymentPostprocessing = 0;
			shellPath = /bin/sh;
			shellScript = "\"${SRCROOT}/Pods/Target Support Files/Pods-Movie Finder/Pods-Movie Finder-frameworks.sh\"\n";
			showEnvVarsInLog = 0;
		};
		7D29B464E05C6BA5B27BF723 /* [CP] Copy Pods Resources */ = {
			isa = PBXShellScriptBuildPhase;
			buildActionMask = 2147483647;
			files = (
			);
			inputPaths = (
			);
			name = "[CP] Copy Pods Resources";
			outputPaths = (
			);
			runOnlyForDeploymentPostprocessing = 0;
			shellPath = /bin/sh;
			shellScript = "\"${SRCROOT}/Pods/Target Support Files/Pods-Movie Finder/Pods-Movie Finder-resources.sh\"\n";
			showEnvVarsInLog = 0;
		};
		D9B14E163E72298EFCB5C91B /* [CP] Check Pods Manifest.lock */ = {
			isa = PBXShellScriptBuildPhase;
			buildActionMask = 2147483647;
			files = (
			);
			inputPaths = (
			);
			name = "[CP] Check Pods Manifest.lock";
			outputPaths = (
			);
			runOnlyForDeploymentPostprocessing = 0;
			shellPath = /bin/sh;
			shellScript = "diff \"${PODS_ROOT}/../Podfile.lock\" \"${PODS_ROOT}/Manifest.lock\" > /dev/null\nif [[ $? != 0 ]] ; then\n    cat << EOM\nerror: The sandbox is not in sync with the Podfile.lock. Run 'pod install' or update your CocoaPods installation.\nEOM\n    exit 1\nfi\n";
			showEnvVarsInLog = 0;
		};
/* End PBXShellScriptBuildPhase section */

/* Begin PBXSourcesBuildPhase section */
		C346CA411E81863900956ED1 /* Sources */ = {
			isa = PBXSourcesBuildPhase;
			buildActionMask = 2147483647;
			files = (
				C30430611E8682C80099EF3B /* EpisodeDTO.swift in Sources */,
				C34764641E8448920022860F /* HTTPRequestor.swift in Sources */,
				C347646F1E8652FB0022860F /* SearchVC.swift in Sources */,
				C34764681E84570A0022860F /* MotionPictureRequestDTO.swift in Sources */,
				C34764711E86532A0022860F /* SearchView.swift in Sources */,
				C347645E1E8447380022860F /* Extensions.swift in Sources */,
				C321C1FF1E8815660083A72B /* MotionPictureSummaryDTO.swift in Sources */,
				C34764571E8440820022860F /* MotionPictureType.swift in Sources */,
				C30430661E86BFC40099EF3B /* MotionPictureDetailView.swift in Sources */,
				C34764741E8654D20022860F /* GlobalData.swift in Sources */,
				C304305D1E86823B0099EF3B /* SeriesDTO.swift in Sources */,
				C397213E1E87884C00845549 /* EpisodeSelectorVC.swift in Sources */,
				C321C1FD1E8814C60083A72B /* MotionPictureSearchResultsModel.swift in Sources */,
				C346CA491E81863900956ED1 /* AppDelegate.swift in Sources */,
				C321C1F81E880EDC0083A72B /* MotionPictureSearchResultsVC.swift in Sources */,
				C35FA4C31E86C56C001D496C /* MotionPictureDetailVC.swift in Sources */,
				C304305B1E8680010099EF3B /* SearchModel.swift in Sources */,
				C321C1FB1E880FF50083A72B /* MotionPictureSummaryTVC.swift in Sources */,
				C347645B1E8446DB0022860F /* AppConstants.swift in Sources */,
				C3DE00CA1E87075D00DDC137 /* SeasonSelectorVC.swift in Sources */,
				C347646A1E84579C0022860F /* MotionPictureDTO.swift in Sources */,
			);
			runOnlyForDeploymentPostprocessing = 0;
		};
		C346CA551E81863900956ED1 /* Sources */ = {
			isa = PBXSourcesBuildPhase;
			buildActionMask = 2147483647;
			files = (
				C346CA5E1E81863900956ED1 /* Movie_FinderTests.swift in Sources */,
			);
			runOnlyForDeploymentPostprocessing = 0;
		};
		C346CA601E81863900956ED1 /* Sources */ = {
			isa = PBXSourcesBuildPhase;
			buildActionMask = 2147483647;
			files = (
				C346CA691E81863900956ED1 /* Movie_FinderUITests.swift in Sources */,
			);
			runOnlyForDeploymentPostprocessing = 0;
		};
/* End PBXSourcesBuildPhase section */

/* Begin PBXTargetDependency section */
		C346CA5B1E81863900956ED1 /* PBXTargetDependency */ = {
			isa = PBXTargetDependency;
			target = C346CA441E81863900956ED1 /* Movie Finder */;
			targetProxy = C346CA5A1E81863900956ED1 /* PBXContainerItemProxy */;
		};
		C346CA661E81863900956ED1 /* PBXTargetDependency */ = {
			isa = PBXTargetDependency;
			target = C346CA441E81863900956ED1 /* Movie Finder */;
			targetProxy = C346CA651E81863900956ED1 /* PBXContainerItemProxy */;
		};
/* End PBXTargetDependency section */

/* Begin PBXVariantGroup section */
		C346CA4C1E81863900956ED1 /* Main.storyboard */ = {
			isa = PBXVariantGroup;
			children = (
				C346CA4D1E81863900956ED1 /* Base */,
			);
			name = Main.storyboard;
			sourceTree = "<group>";
		};
		C346CA511E81863900956ED1 /* LaunchScreen.storyboard */ = {
			isa = PBXVariantGroup;
			children = (
				C346CA521E81863900956ED1 /* Base */,
			);
			name = LaunchScreen.storyboard;
			sourceTree = "<group>";
		};
/* End PBXVariantGroup section */

/* Begin XCBuildConfiguration section */
		C346CA6B1E81863900956ED1 /* Debug */ = {
			isa = XCBuildConfiguration;
			buildSettings = {
				ALWAYS_SEARCH_USER_PATHS = NO;
				CLANG_ANALYZER_NONNULL = YES;
				CLANG_CXX_LANGUAGE_STANDARD = "gnu++0x";
				CLANG_CXX_LIBRARY = "libc++";
				CLANG_ENABLE_MODULES = YES;
				CLANG_ENABLE_OBJC_ARC = YES;
				CLANG_WARN_BOOL_CONVERSION = YES;
				CLANG_WARN_CONSTANT_CONVERSION = YES;
				CLANG_WARN_DIRECT_OBJC_ISA_USAGE = YES_ERROR;
				CLANG_WARN_EMPTY_BODY = YES;
				CLANG_WARN_ENUM_CONVERSION = YES;
				CLANG_WARN_INT_CONVERSION = YES;
				CLANG_WARN_OBJC_ROOT_CLASS = YES_ERROR;
				CLANG_WARN_UNREACHABLE_CODE = YES;
				CLANG_WARN__DUPLICATE_METHOD_MATCH = YES;
				"CODE_SIGN_IDENTITY[sdk=iphoneos*]" = "iPhone Developer";
				COPY_PHASE_STRIP = NO;
				DEBUG_INFORMATION_FORMAT = dwarf;
				ENABLE_STRICT_OBJC_MSGSEND = YES;
				ENABLE_TESTABILITY = YES;
				GCC_C_LANGUAGE_STANDARD = gnu99;
				GCC_DYNAMIC_NO_PIC = NO;
				GCC_NO_COMMON_BLOCKS = YES;
				GCC_OPTIMIZATION_LEVEL = 0;
				GCC_PREPROCESSOR_DEFINITIONS = (
					"DEBUG=1",
					"$(inherited)",
				);
				GCC_WARN_64_TO_32_BIT_CONVERSION = YES;
				GCC_WARN_ABOUT_RETURN_TYPE = YES_ERROR;
				GCC_WARN_UNDECLARED_SELECTOR = YES;
				GCC_WARN_UNINITIALIZED_AUTOS = YES_AGGRESSIVE;
				GCC_WARN_UNUSED_FUNCTION = YES;
				GCC_WARN_UNUSED_VARIABLE = YES;
				IPHONEOS_DEPLOYMENT_TARGET = 9.3;
				MTL_ENABLE_DEBUG_INFO = YES;
				ONLY_ACTIVE_ARCH = YES;
				SDKROOT = iphoneos;
				SWIFT_OPTIMIZATION_LEVEL = "-Onone";
				TARGETED_DEVICE_FAMILY = "1,2";
			};
			name = Debug;
		};
		C346CA6C1E81863900956ED1 /* Release */ = {
			isa = XCBuildConfiguration;
			buildSettings = {
				ALWAYS_SEARCH_USER_PATHS = NO;
				CLANG_ANALYZER_NONNULL = YES;
				CLANG_CXX_LANGUAGE_STANDARD = "gnu++0x";
				CLANG_CXX_LIBRARY = "libc++";
				CLANG_ENABLE_MODULES = YES;
				CLANG_ENABLE_OBJC_ARC = YES;
				CLANG_WARN_BOOL_CONVERSION = YES;
				CLANG_WARN_CONSTANT_CONVERSION = YES;
				CLANG_WARN_DIRECT_OBJC_ISA_USAGE = YES_ERROR;
				CLANG_WARN_EMPTY_BODY = YES;
				CLANG_WARN_ENUM_CONVERSION = YES;
				CLANG_WARN_INT_CONVERSION = YES;
				CLANG_WARN_OBJC_ROOT_CLASS = YES_ERROR;
				CLANG_WARN_UNREACHABLE_CODE = YES;
				CLANG_WARN__DUPLICATE_METHOD_MATCH = YES;
				"CODE_SIGN_IDENTITY[sdk=iphoneos*]" = "iPhone Developer";
				COPY_PHASE_STRIP = NO;
				DEBUG_INFORMATION_FORMAT = "dwarf-with-dsym";
				ENABLE_NS_ASSERTIONS = NO;
				ENABLE_STRICT_OBJC_MSGSEND = YES;
				GCC_C_LANGUAGE_STANDARD = gnu99;
				GCC_NO_COMMON_BLOCKS = YES;
				GCC_WARN_64_TO_32_BIT_CONVERSION = YES;
				GCC_WARN_ABOUT_RETURN_TYPE = YES_ERROR;
				GCC_WARN_UNDECLARED_SELECTOR = YES;
				GCC_WARN_UNINITIALIZED_AUTOS = YES_AGGRESSIVE;
				GCC_WARN_UNUSED_FUNCTION = YES;
				GCC_WARN_UNUSED_VARIABLE = YES;
				IPHONEOS_DEPLOYMENT_TARGET = 9.3;
				MTL_ENABLE_DEBUG_INFO = NO;
				SDKROOT = iphoneos;
				TARGETED_DEVICE_FAMILY = "1,2";
				VALIDATE_PRODUCT = YES;
			};
			name = Release;
		};
		C346CA6E1E81863900956ED1 /* Debug */ = {
			isa = XCBuildConfiguration;
			baseConfigurationReference = E80FB7FC2DEAAFB5FC4D8930 /* Pods-Movie Finder.debug.xcconfig */;
			buildSettings = {
				ASSETCATALOG_COMPILER_APPICON_NAME = AppIcon;
				CODE_SIGN_IDENTITY = "iPhone Developer";
				INFOPLIST_FILE = "Movie Finder/Info.plist";
				LD_RUNPATH_SEARCH_PATHS = "$(inherited) @executable_path/Frameworks";
				PRODUCT_BUNDLE_IDENTIFIER = "com.tarunprajapati.Movie-Finder";
				PRODUCT_NAME = "$(TARGET_NAME)";
				TARGETED_DEVICE_FAMILY = 1;
			};
			name = Debug;
		};
		C346CA6F1E81863900956ED1 /* Release */ = {
			isa = XCBuildConfiguration;
			baseConfigurationReference = FEDD9BC3C9FA33759F0D9847 /* Pods-Movie Finder.release.xcconfig */;
			buildSettings = {
				ASSETCATALOG_COMPILER_APPICON_NAME = AppIcon;
				CODE_SIGN_IDENTITY = "iPhone Developer";
				INFOPLIST_FILE = "Movie Finder/Info.plist";
				LD_RUNPATH_SEARCH_PATHS = "$(inherited) @executable_path/Frameworks";
				PRODUCT_BUNDLE_IDENTIFIER = "com.tarunprajapati.Movie-Finder";
				PRODUCT_NAME = "$(TARGET_NAME)";
				TARGETED_DEVICE_FAMILY = 1;
			};
			name = Release;
		};
		C346CA711E81863900956ED1 /* Debug */ = {
			isa = XCBuildConfiguration;
			buildSettings = {
				BUNDLE_LOADER = "$(TEST_HOST)";
				INFOPLIST_FILE = "Movie FinderTests/Info.plist";
				LD_RUNPATH_SEARCH_PATHS = "$(inherited) @executable_path/Frameworks @loader_path/Frameworks";
				PRODUCT_BUNDLE_IDENTIFIER = "com.tarunprajapati.Movie-FinderTests";
				PRODUCT_NAME = "$(TARGET_NAME)";
				TEST_HOST = "$(BUILT_PRODUCTS_DIR)/Movie Finder.app/Movie Finder";
			};
			name = Debug;
		};
		C346CA721E81863900956ED1 /* Release */ = {
			isa = XCBuildConfiguration;
			buildSettings = {
				BUNDLE_LOADER = "$(TEST_HOST)";
				INFOPLIST_FILE = "Movie FinderTests/Info.plist";
				LD_RUNPATH_SEARCH_PATHS = "$(inherited) @executable_path/Frameworks @loader_path/Frameworks";
				PRODUCT_BUNDLE_IDENTIFIER = "com.tarunprajapati.Movie-FinderTests";
				PRODUCT_NAME = "$(TARGET_NAME)";
				TEST_HOST = "$(BUILT_PRODUCTS_DIR)/Movie Finder.app/Movie Finder";
			};
			name = Release;
		};
		C346CA741E81863900956ED1 /* Debug */ = {
			isa = XCBuildConfiguration;
			buildSettings = {
				INFOPLIST_FILE = "Movie FinderUITests/Info.plist";
				LD_RUNPATH_SEARCH_PATHS = "$(inherited) @executable_path/Frameworks @loader_path/Frameworks";
				PRODUCT_BUNDLE_IDENTIFIER = "com.tarunprajapati.Movie-FinderUITests";
				PRODUCT_NAME = "$(TARGET_NAME)";
				TEST_TARGET_NAME = "Movie Finder";
			};
			name = Debug;
		};
		C346CA751E81863900956ED1 /* Release */ = {
			isa = XCBuildConfiguration;
			buildSettings = {
				INFOPLIST_FILE = "Movie FinderUITests/Info.plist";
				LD_RUNPATH_SEARCH_PATHS = "$(inherited) @executable_path/Frameworks @loader_path/Frameworks";
				PRODUCT_BUNDLE_IDENTIFIER = "com.tarunprajapati.Movie-FinderUITests";
				PRODUCT_NAME = "$(TARGET_NAME)";
				TEST_TARGET_NAME = "Movie Finder";
			};
			name = Release;
		};
/* End XCBuildConfiguration section */

/* Begin XCConfigurationList section */
		C346CA401E81863900956ED1 /* Build configuration list for PBXProject "Movie Finder" */ = {
			isa = XCConfigurationList;
			buildConfigurations = (
				C346CA6B1E81863900956ED1 /* Debug */,
				C346CA6C1E81863900956ED1 /* Release */,
			);
			defaultConfigurationIsVisible = 0;
			defaultConfigurationName = Release;
		};
		C346CA6D1E81863900956ED1 /* Build configuration list for PBXNativeTarget "Movie Finder" */ = {
			isa = XCConfigurationList;
			buildConfigurations = (
				C346CA6E1E81863900956ED1 /* Debug */,
				C346CA6F1E81863900956ED1 /* Release */,
			);
			defaultConfigurationIsVisible = 0;
			defaultConfigurationName = Release;
		};
		C346CA701E81863900956ED1 /* Build configuration list for PBXNativeTarget "Movie FinderTests" */ = {
			isa = XCConfigurationList;
			buildConfigurations = (
				C346CA711E81863900956ED1 /* Debug */,
				C346CA721E81863900956ED1 /* Release */,
			);
			defaultConfigurationIsVisible = 0;
			defaultConfigurationName = Release;
		};
		C346CA731E81863900956ED1 /* Build configuration list for PBXNativeTarget "Movie FinderUITests" */ = {
			isa = XCConfigurationList;
			buildConfigurations = (
				C346CA741E81863900956ED1 /* Debug */,
				C346CA751E81863900956ED1 /* Release */,
			);
			defaultConfigurationIsVisible = 0;
			defaultConfigurationName = Release;
		};
/* End XCConfigurationList section */
	};
	rootObject = C346CA3D1E81863900956ED1 /* Project object */;
}
